
Microsoft Visual Studio Solution File, Format Version 12.00
# Visual Studio Version 17
VisualStudioVersion = 17.7.34202.233
MinimumVisualStudioVersion = 10.0.40219.1
Project("{FAE04EC0-301F-11D3-BF4B-00C04F79EFBC}") = "PracticaBACHKOVApp1", "PracticaBACHKOVApp1.csproj", "{2E52A5DC-18E6-495A-B18D-4615D663B625}"
EndProject
Global
	GlobalSection(SolutionConfigurationPlatforms) = preSolution
		Debug|Any CPU = Debug|Any CPU
		Release|Any CPU = Release|Any CPU
	EndGlobalSection
	GlobalSection(ProjectConfigurationPlatforms) = postSolution
		{2E52A5DC-18E6-495A-B18D-4615D663B625}.Debug|Any CPU.ActiveCfg = Debug|Any CPU
		{2E52A5DC-18E6-495A-B18D-4615D663B625}.Debug|Any CPU.Build.0 = Debug|Any CPU
		{2E52A5DC-18E6-495A-B18D-4615D663B625}.Release|Any CPU.ActiveCfg = Release|Any CPU
		{2E52A5DC-18E6-495A-B18D-4615D663B625}.Release|Any CPU.Build.0 = Release|Any CPU
	EndGlobalSection
	GlobalSection(SolutionProperties) = preSolution
		HideSolutionNode = FALSE
	EndGlobalSection
	GlobalSection(ExtensibilityGlobals) = postSolution
		SolutionGuid = {A0A8B6A6-257A-417C-A31B-4D2E85C08936}
	EndGlobalSection
EndGlobal
